github.com/Motmedel/utils_go v0.0.201 h1:t4rro8RC+50BfldMl+t8SatvYy7RiArareRjbRIq9sg=
github.com/Motmedel/utils_go v0.0.201/go.mod h1:kKm8jM7GA8M7ICIImi5etOMixRgQfnStBPjEoCMTgbg=
github.com/Motmedel/utils_go/pkg/net/domain_breakdown v0.0.4 h1:HKnAihmiXayMLJpTLHcZ+CDZwzm/gtHbG0O2z/Ula1I=
github.com/Motmedel/utils_go/pkg/net/domain_breakdown v0.0.4/go.mod h1:9+oW16JZtqHOcJxe1J6BCZOtFFTi1a60LCESRZBq+Rg=
golang.org/x/net v0.38.0 h1:vRMAPTMaeGqVhG5QyLJHqNDwecKTomGeqbnfZyKlBI8=
golang.org/x/net v0.38.0/go.mod h1:ivrbrMbzFq5J41QOQh0siUuly180yBYtLp+CKbEaFx8=
